lockfileVersion: '9.0'

settings:
  autoInstallPeers: true
  excludeLinksFromLockfile: false

importers:

  .:
    devDependencies:
      luaparse:
        specifier: ^0.3.1
        version: 0.3.1

packages:

  luaparse@0.3.1:
    resolution: {integrity: sha512-b21h2bFEbtGXmVqguHogbyrMAA0wOHyp9u/rx+w6Yc9pW1t9YjhGUsp87lYcp7pFRqSWN/PhFkrdIqKEUzRjjQ==}
    hasBin: true

snapshots:

  luaparse@0.3.1: {}
